github.com/adams-sarah/prettytest v0.0.0-20150503061827-2880862ae7f5 h1:Asp4eRWQ0c1fqnY5+sTndqAjp/LCsmOy8wozEJLaNQs=
github.com/adams-sarah/prettytest v0.0.0-20150503061827-2880862ae7f5/go.mod h1:p2ev/QMGYqQo5byMwvkLP4vnZdCJYlFHwhmCII3aj3E=
github.com/gorilla/mux v1.7.3 h1:gnP5JzjVOuiZD07fKKToCAOjS0yOpj/qPETTXCCS6hw=
github.com/gorilla/mux v1.7.3/go.mod h1:1lud6UwP+6orDFRuTfBEV8e9/aOM/c4fVVCaMa2zaAs=
github.com/howeyc/fsnotify v0.9.0 h1:0gtV5JmOKH4A8SsFxG2BczSeXWWPvcMT0euZt5gDAxY=
github.com/howeyc/fsnotify v0.9.0/go.mod h1:41HzSPxBGeFRQKEEwgh49TRw/nKBsYZ2cF1OzPjSJsA=
github.com/julienschmidt/httprouter v1.3.0 h1:U0609e9tgbseu3rBINet9P48AI/D3oJs4dN7jwJOQ1U=
github.com/julienschmidt/httprouter v1.3.0/go.mod h1:JR6WtHb+2LUe8TCKY3cZOxFyyO8IZAc4RVcycCCAKdM=
github.com/kr/pretty v0.1.0 h1:L/CwN0zerZDmRFUapSPitk6f+Q3+0za1rQkzVuMiMFI=
github.com/kr/pretty v0.1.0/go.mod h1:dAy3ld7l9f0ibDNOQOHHMYYIIbhfbHSm3C4ZsoJORNo=
github.com/kr/pty v1.1.1 h1:VkoXIwSboBpnk99O/KFauAEILuNHv5DVFKZMBN/gUgw=
github.com/kr/pty v1.1.1/go.mod h1:pFQYn66WHrOpPYNljwOMqo10TkYh1fy3cYio2l3bCsQ=
github.com/kr/text v0.1.0 h1:45sCR5RtlFHMR4UwH9sdQ5TC8v0qDQCHnXt+kaKSTVE=
github.com/kr/text v0.1.0/go.mod h1:4Jbv+DJW3UT/LiOwJeYQe1efqtUx/iVham/4vfdArNI=
github.com/remogatto/application v0.0.0-20131220152721-e155f2e6fd5f h1:Es+Rx8kwOmodFvtCG8I4UYw7QfsAQDp4O8Doxl8HXMI=
github.com/remogatto/application v0.0.0-20131220152721-e155f2e6fd5f/go.mod h1:MfYIlhF89jJroWf05Nz/mk2TIL8Vc2x9TMDP1nJLOjo=
github.com/remogatto/prettytest v0.0.0-20161014102941-8b5d7bfe964e h1:uQy6ob81XHCWTGzVTbVHnMDjc4jRKaIXuaNSsX5thCU=
github.com/remogatto/prettytest v0.0.0-20161014102941-8b5d7bfe964e/go.mod h1:jOEnp79oIHy5cvQSHeLcgVJk1GHOOHJHQWps/d1N5Yo=
gopkg.in/check.v1 v1.0.0-20190902080502-41f04d3bba15 h1:YR8cESwS4TdDjEe65xsg0ogRM/Nc3DYOhEAlW+xobZo=
gopkg.in/check.v1 v1.0.0-20190902080502-41f04d3bba15/go.mod h1:Co6ibVJAznAaIkqp8huTwlJQCZ016jof/cbN4VW5Yz0=
